// !$*UTF8*$!
{
	archiveVersion = 1;
	classes = {
	};
	objectVersion = 46;
	objects = {

/* Begin PBXBuildFile section */
		DE0080BE1E969222006D2C65 /* PanelCell.swift in Sources */ = {isa = PBXBuildFile; fileRef = DE0080BD1E969222006D2C65 /* PanelCell.swift */; };
		DE0080C01E969488006D2C65 /* BatteryCell.swift in Sources */ = {isa = PBXBuildFile; fileRef = DE0080BF1E969488006D2C65 /* BatteryCell.swift */; };
		DE0080C21E9695E8006D2C65 /* SpeedometerView.swift in Sources */ = {isa = PBXBuildFile; fileRef = DE0080C11E9695E8006D2C65 /* SpeedometerView.swift */; };
		DE0B536A1E9509870000465A /* AppDelegate.swift in Sources */ = {isa = PBXBuildFile; fileRef = DE0B53691E9509870000465A /* AppDelegate.swift */; };
		DE0B536C1E9509870000465A /* ViewController.swift in Sources */ = {isa = PBXBuildFile; fileRef = DE0B536B1E9509870000465A /* ViewController.swift */; };
		DE0B536F1E9509870000465A /* Main.storyboard in Resources */ = {isa = PBXBuildFile; fileRef = DE0B536D1E9509870000465A /* Main.storyboard */; };
		DE0B53711E9509870000465A /* Assets.xcassets in Resources */ = {isa = PBXBuildFile; fileRef = DE0B53701E9509870000465A /* Assets.xcassets */; };
		DE0B53741E9509870000465A /* LaunchScreen.storyboard in Resources */ = {isa = PBXBuildFile; fileRef = DE0B53721E9509870000465A /* LaunchScreen.storyboard */; };
		DE0B537C1E954AD70000465A /* PageCell.swift in Sources */ = {isa = PBXBuildFile; fileRef = DE0B537B1E954AD70000465A /* PageCell.swift */; };
		DE0B537E1E9553B50000465A /* Extensions.swift in Sources */ = {isa = PBXBuildFile; fileRef = DE0B537D1E9553B50000465A /* Extensions.swift */; };
/* End PBXBuildFile section */

/* Begin PBXFileReference section */
		DE0080BD1E969222006D2C65 /* PanelCell.swift */ = {isa = PBXFileReference; fileEncoding = 4; lastKnownFileType = sourcecode.swift; path = PanelCell.swift; sourceTree = "<group>"; };
		DE0080BF1E969488006D2C65 /* BatteryCell.swift */ = {isa = PBXFileReference; fileEncoding = 4; lastKnownFileType = sourcecode.swift; path = BatteryCell.swift; sourceTree = "<group>"; };
		DE0080C11E9695E8006D2C65 /* SpeedometerView.swift */ = {isa = PBXFileReference; fileEncoding = 4; lastKnownFileType = sourcecode.swift; path = SpeedometerView.swift; sourceTree = "<group>"; };
		DE0B53661E9509870000465A /* RBWLFinal.app */ = {isa = PBXFileReference; explicitFileType = wrapper.application; includeInIndex = 0; path = RBWLFinal.app; sourceTree = BUILT_PRODUCTS_DIR; };
		DE0B53691E9509870000465A /* AppDelegate.swift */ = {isa = PBXFileReference; lastKnownFileType = sourcecode.swift; path = AppDelegate.swift; sourceTree = "<group>"; };
		DE0B536B1E9509870000465A /* ViewController.swift */ = {isa = PBXFileReference; lastKnownFileType = sourcecode.swift; path = ViewController.swift; sourceTree = "<group>"; };
		DE0B536E1E9509870000465A /* Base */ = {isa = PBXFileReference; lastKnownFileType = file.storyboard; name = Base; path = Base.lproj/Main.storyboard; sourceTree = "<group>"; };
		DE0B53701E9509870000465A /* Assets.xcassets */ = {isa = PBXFileReference; lastKnownFileType = folder.assetcatalog; path = Assets.xcassets; sourceTree = "<group>"; };
		DE0B53731E9509870000465A /* Base */ = {isa = PBXFileReference; lastKnownFileType = file.storyboard; name = Base; path = Base.lproj/LaunchScreen.storyboard; sourceTree = "<group>"; };
		DE0B53751E9509870000465A /* Info.plist */ = {isa = PBXFileReference; lastKnownFileType = text.plist.xml; path = Info.plist; sourceTree = "<group>"; };
		DE0B537B1E954AD70000465A /* PageCell.swift */ = {isa = PBXFileReference; fileEncoding = 4; lastKnownFileType = sourcecode.swift; path = PageCell.swift; sourceTree = "<group>"; };
		DE0B537D1E9553B50000465A /* Extensions.swift */ = {isa = PBXFileReference; fileEncoding = 4; lastKnownFileType = sourcecode.swift; path = Extensions.swift; sourceTree = "<group>"; };
/* End PBXFileReference section */

/* Begin PBXFrameworksBuildPhase section */
		DE0B53631E9509870000465A /* Frameworks */ = {
			isa = PBXFrameworksBuildPhase;
			buildActionMask = 2147483647;
			files = (
			);
			runOnlyForDeploymentPostprocessing = 0;
		};
/* End PBXFrameworksBuildPhase section */

/* Begin PBXGroup section */
		DE0B535D1E9509870000465A = {
			isa = PBXGroup;
			children = (
				DE0B53681E9509870000465A /* RBWLFinal */,
				DE0B53671E9509870000465A /* Products */,
			);
			sourceTree = "<group>";
		};
		DE0B53671E9509870000465A /* Products */ = {
			isa = PBXGroup;
			children = (
				DE0B53661E9509870000465A /* RBWLFinal.app */,
			);
			name = Products;
			sourceTree = "<group>";
		};
		DE0B53681E9509870000465A /* RBWLFinal */ = {
			isa = PBXGroup;
			children = (
				DE0B53691E9509870000465A /* AppDelegate.swift */,
				DE0B536B1E9509870000465A /* ViewController.swift */,
				DE0B536D1E9509870000465A /* Main.storyboard */,
				DE0B53701E9509870000465A /* Assets.xcassets */,
				DE0B53721E9509870000465A /* LaunchScreen.storyboard */,
				DE0B53751E9509870000465A /* Info.plist */,
				DE0B537B1E954AD70000465A /* PageCell.swift */,
				DE0B537D1E9553B50000465A /* Extensions.swift */,
				DE0080BD1E969222006D2C65 /* PanelCell.swift */,
				DE0080BF1E969488006D2C65 /* BatteryCell.swift */,
				DE0080C11E9695E8006D2C65 /* SpeedometerView.swift */,
			);
			path = RBWLFinal;
			sourceTree = "<group>";
		};
/* End PBXGroup section */

/* Begin PBXNativeTarget section */
		DE0B53651E9509870000465A /* RBWLFinal */ = {
			isa = PBXNativeTarget;
			buildConfigurationList = DE0B53781E9509870000465A /* Build configuration list for PBXNativeTarget "RBWLFinal" */;
			buildPhases = (
				DE0B53621E9509870000465A /* Sources */,
				DE0B53631E9509870000465A /* Frameworks */,
				DE0B53641E9509870000465A /* Resources */,
			);
			buildRules = (
			);
			dependencies = (
			);
			name = RBWLFinal;
			productName = RBWLFinal;
			productReference = DE0B53661E9509870000465A /* RBWLFinal.app */;
			productType = "com.apple.product-type.application";
		};
/* End PBXNativeTarget section */

/* Begin PBXProject section */
		DE0B535E1E9509870000465A /* Project object */ = {
			isa = PBXProject;
			attributes = {
				LastSwiftUpdateCheck = 0830;
				LastUpgradeCheck = 0830;
				ORGANIZATIONNAME = "Enset Enset";
				TargetAttributes = {
					DE0B53651E9509870000465A = {
						CreatedOnToolsVersion = 8.3;
						DevelopmentTeam = 5BGPD4CQ3Y;
						ProvisioningStyle = Automatic;
					};
				};
			};
			buildConfigurationList = DE0B53611E9509870000465A /* Build configuration list for PBXProject "RBWLFinal" */;
			compatibilityVersion = "Xcode 3.2";
			developmentRegion = English;
			hasScannedForEncodings = 0;
			knownRegions = (
				en,
				Base,
			);
			mainGroup = DE0B535D1E9509870000465A;
			productRefGroup = DE0B53671E9509870000465A /* Products */;
			projectDirPath = "";
			projectRoot = "";
			targets = (
				DE0B53651E9509870000465A /* RBWLFinal */,
			);
		};
/* End PBXProject section */

/* Begin PBXResourcesBuildPhase section */
		DE0B53641E9509870000465A /* Resources */ = {
			isa = PBXResourcesBuildPhase;
			buildActionMask = 2147483647;
			files = (
				DE0B53741E9509870000465A /* LaunchScreen.storyboard in Resources */,
				DE0B53711E9509870000465A /* Assets.xcassets in Resources */,
				DE0B536F1E9509870000465A /* Main.storyboard in Resources */,
			);
			runOnlyForDeploymentPostprocessing = 0;
		};
/* End PBXResourcesBuildPhase section */

/* Begin PBXSourcesBuildPhase section */
		DE0B53621E9509870000465A /* Sources */ = {
			isa = PBXSourcesBuildPhase;
			buildActionMask = 2147483647;
			files = (
				DE0B536C1E9509870000465A /* ViewController.swift in Sources */,
				DE0B536A1E9509870000465A /* AppDelegate.swift in Sources */,
				DE0B537C1E954AD70000465A /* PageCell.swift in Sources */,
				DE0080C21E9695E8006D2C65 /* SpeedometerView.swift in Sources */,
				DE0080BE1E969222006D2C65 /* PanelCell.swift in Sources */,
				DE0B537E1E9553B50000465A /* Extensions.swift in Sources */,
				DE0080C01E969488006D2C65 /* BatteryCell.swift in Sources */,
			);
			runOnlyForDeploymentPostprocessing = 0;
		};
/* End PBXSourcesBuildPhase section */

/* Begin PBXVariantGroup section */
		DE0B536D1E9509870000465A /* Main.storyboard */ = {
			isa = PBXVariantGroup;
			children = (
				DE0B536E1E9509870000465A /* Base */,
			);
			name = Main.storyboard;
			sourceTree = "<group>";
		};
		DE0B53721E9509870000465A /* LaunchScreen.storyboard */ = {
			isa = PBXVariantGroup;
			children = (
				DE0B53731E9509870000465A /* Base */,
			);
			name = LaunchScreen.storyboard;
			sourceTree = "<group>";
		};
/* End PBXVariantGroup section */

/* Begin XCBuildConfiguration section */
		DE0B53761E9509870000465A /* Debug */ = {
			isa = XCBuildConfiguration;
			buildSettings = {
				ALWAYS_SEARCH_USER_PATHS = NO;
				CLANG_ANALYZER_NONNULL = YES;
				CLANG_ANALYZER_NUMBER_OBJECT_CONVERSION = YES_AGGRESSIVE;
				CLANG_CXX_LANGUAGE_STANDARD = "gnu++0x";
				CLANG_CXX_LIBRARY = "libc++";
				CLANG_ENABLE_MODULES = YES;
				CLANG_ENABLE_OBJC_ARC = YES;
				CLANG_WARN_BOOL_CONVERSION = YES;
				CLANG_WARN_CONSTANT_CONVERSION = YES;
				CLANG_WARN_DIRECT_OBJC_ISA_USAGE = YES_ERROR;
				CLANG_WARN_DOCUMENTATION_COMMENTS = YES;
				CLANG_WARN_EMPTY_BODY = YES;
				CLANG_WARN_ENUM_CONVERSION = YES;
				CLANG_WARN_INFINITE_RECURSION = YES;
				CLANG_WARN_INT_CONVERSION = YES;
				CLANG_WARN_OBJC_ROOT_CLASS = YES_ERROR;
				CLANG_WARN_SUSPICIOUS_MOVE = YES;
				CLANG_WARN_UNREACHABLE_CODE = YES;
				CLANG_WARN__DUPLICATE_METHOD_MATCH = YES;
				"CODE_SIGN_IDENTITY[sdk=iphoneos*]" = "iPhone Developer";
				COPY_PHASE_STRIP = NO;
				DEBUG_INFORMATION_FORMAT = dwarf;
				ENABLE_STRICT_OBJC_MSGSEND = YES;
				ENABLE_TESTABILITY = YES;
				GCC_C_LANGUAGE_STANDARD = gnu99;
				GCC_DYNAMIC_NO_PIC = NO;
				GCC_NO_COMMON_BLOCKS = YES;
				GCC_OPTIMIZATION_LEVEL = 0;
				GCC_PREPROCESSOR_DEFINITIONS = (
					"DEBUG=1",
					"$(inherited)",
				);
				GCC_WARN_64_TO_32_BIT_CONVERSION = YES;
				GCC_WARN_ABOUT_RETURN_TYPE = YES_ERROR;
				GCC_WARN_UNDECLARED_SELECTOR = YES;
				GCC_WARN_UNINITIALIZED_AUTOS = YES_AGGRESSIVE;
				GCC_WARN_UNUSED_FUNCTION = YES;
				GCC_WARN_UNUSED_VARIABLE = YES;
				IPHONEOS_DEPLOYMENT_TARGET = 10.3;
				MTL_ENABLE_DEBUG_INFO = YES;
				ONLY_ACTIVE_ARCH = YES;
				SDKROOT = iphoneos;
				SWIFT_ACTIVE_COMPILATION_CONDITIONS = DEBUG;
				SWIFT_OPTIMIZATION_LEVEL = "-Onone";
				TARGETED_DEVICE_FAMILY = "1,2";
			};
			name = Debug;
		};
		DE0B53771E9509870000465A /* Release */ = {
			isa = XCBuildConfiguration;
			buildSettings = {
				ALWAYS_SEARCH_USER_PATHS = NO;
				CLANG_ANALYZER_NONNULL = YES;
				CLANG_ANALYZER_NUMBER_OBJECT_CONVERSION = YES_AGGRESSIVE;
				CLANG_CXX_LANGUAGE_STANDARD = "gnu++0x";
				CLANG_CXX_LIBRARY = "libc++";
				CLANG_ENABLE_MODULES = YES;
				CLANG_ENABLE_OBJC_ARC = YES;
				CLANG_WARN_BOOL_CONVERSION = YES;
				CLANG_WARN_CONSTANT_CONVERSION = YES;
				CLANG_WARN_DIRECT_OBJC_ISA_USAGE = YES_ERROR;
				CLANG_WARN_DOCUMENTATION_COMMENTS = YES;
				CLANG_WARN_EMPTY_BODY = YES;
				CLANG_WARN_ENUM_CONVERSION = YES;
				CLANG_WARN_INFINITE_RECURSION = YES;
				CLANG_WARN_INT_CONVERSION = YES;
				CLANG_WARN_OBJC_ROOT_CLASS = YES_ERROR;
				CLANG_WARN_SUSPICIOUS_MOVE = YES;
				CLANG_WARN_UNREACHABLE_CODE = YES;
				CLANG_WARN__DUPLICATE_METHOD_MATCH = YES;
				"CODE_SIGN_IDENTITY[sdk=iphoneos*]" = "iPhone Developer";
				COPY_PHASE_STRIP = NO;
				DEBUG_INFORMATION_FORMAT = "dwarf-with-dsym";
				ENABLE_NS_ASSERTIONS = NO;
				ENABLE_STRICT_OBJC_MSGSEND = YES;
				GCC_C_LANGUAGE_STANDARD = gnu99;
				GCC_NO_COMMON_BLOCKS = YES;
				GCC_WARN_64_TO_32_BIT_CONVERSION = YES;
				GCC_WARN_ABOUT_RETURN_TYPE = YES_ERROR;
				GCC_WARN_UNDECLARED_SELECTOR = YES;
				GCC_WARN_UNINITIALIZED_AUTOS = YES_AGGRESSIVE;
				GCC_WARN_UNUSED_FUNCTION = YES;
				GCC_WARN_UNUSED_VARIABLE = YES;
				IPHONEOS_DEPLOYMENT_TARGET = 10.3;
				MTL_ENABLE_DEBUG_INFO = NO;
				SDKROOT = iphoneos;
				SWIFT_OPTIMIZATION_LEVEL = "-Owholemodule";
				TARGETED_DEVICE_FAMILY = "1,2";
				VALIDATE_PRODUCT = YES;
			};
			name = Release;
		};
		DE0B53791E9509870000465A /* Debug */ = {
			isa = XCBuildConfiguration;
			buildSettings = {
				ASSETCATALOG_COMPILER_APPICON_NAME = AppIcon;
				DEVELOPMENT_TEAM = 5BGPD4CQ3Y;
				INFOPLIST_FILE = RBWLFinal/Info.plist;
				LD_RUNPATH_SEARCH_PATHS = "$(inherited) @executable_path/Frameworks";
				PRODUCT_BUNDLE_IDENTIFIER = Enset.RBWLFinal;
				PRODUCT_NAME = "$(TARGET_NAME)";
				SWIFT_VERSION = 3.0;
			};
			name = Debug;
		};
		DE0B537A1E9509870000465A /* Release */ = {
			isa = XCBuildConfiguration;
			buildSettings = {
				ASSETCATALOG_COMPILER_APPICON_NAME = AppIcon;
				DEVELOPMENT_TEAM = 5BGPD4CQ3Y;
				INFOPLIST_FILE = RBWLFinal/Info.plist;
				LD_RUNPATH_SEARCH_PATHS = "$(inherited) @executable_path/Frameworks";
				PRODUCT_BUNDLE_IDENTIFIER = Enset.RBWLFinal;
				PRODUCT_NAME = "$(TARGET_NAME)";
				SWIFT_VERSION = 3.0;
			};
			name = Release;
		};
/* End XCBuildConfiguration section */

/* Begin XCConfigurationList section */
		DE0B53611E9509870000465A /* Build configuration list for PBXProject "RBWLFinal" */ = {
			isa = XCConfigurationList;
			buildConfigurations = (
				DE0B53761E9509870000465A /* Debug */,
				DE0B53771E9509870000465A /* Release */,
			);
			defaultConfigurationIsVisible = 0;
			defaultConfigurationName = Release;
		};
		DE0B53781E9509870000465A /* Build configuration list for PBXNativeTarget "RBWLFinal" */ = {
			isa = XCConfigurationList;
			buildConfigurations = (
				DE0B53791E9509870000465A /* Debug */,
				DE0B537A1E9509870000465A /* Release */,
			);
			defaultConfigurationIsVisible = 0;
			defaultConfigurationName = Release;
		};
/* End XCConfigurationList section */
	};
	rootObject = DE0B535E1E9509870000465A /* Project object */;
}
